
Microsoft Visual Studio Solution File, Format Version 12.00
# Visual Studio Version 17
VisualStudioVersion = 17.4.33205.214
MinimumVisualStudioVersion = 10.0.40219.1
Project("{9A19103F-16F7-4668-BE54-9A1E7A4F7556}") = "PhoneBook.PersonService", "PhoneBook.PersonService\PhoneBook.PersonService.csproj", "{F470A63A-CA6D-4678-B41E-C0E42A2818E2}"
EndProject
Project("{9A19103F-16F7-4668-BE54-9A1E7A4F7556}") = "PhoneBook.ReportService", "PhoneBook.ReportService\PhoneBook.ReportService.csproj", "{F5B7E01E-81D6-438A-A44C-37E9ECD23C39}"
EndProject
Global
	GlobalSection(SolutionConfigurationPlatforms) = preSolution
		Debug|Any CPU = Debug|Any CPU
		Release|Any CPU = Release|Any CPU
	EndGlobalSection
	GlobalSection(ProjectConfigurationPlatforms) = postSolution
		{F470A63A-CA6D-4678-B41E-C0E42A2818E2}.Debug|Any CPU.ActiveCfg = Debug|Any CPU
		{F470A63A-CA6D-4678-B41E-C0E42A2818E2}.Debug|Any CPU.Build.0 = Debug|Any CPU
		{F470A63A-CA6D-4678-B41E-C0E42A2818E2}.Release|Any CPU.ActiveCfg = Release|Any CPU
		{F470A63A-CA6D-4678-B41E-C0E42A2818E2}.Release|Any CPU.Build.0 = Release|Any CPU
		{F5B7E01E-81D6-438A-A44C-37E9ECD23C39}.Debug|Any CPU.ActiveCfg = Debug|Any CPU
		{F5B7E01E-81D6-438A-A44C-37E9ECD23C39}.Debug|Any CPU.Build.0 = Debug|Any CPU
		{F5B7E01E-81D6-438A-A44C-37E9ECD23C39}.Release|Any CPU.ActiveCfg = Release|Any CPU
		{F5B7E01E-81D6-438A-A44C-37E9ECD23C39}.Release|Any CPU.Build.0 = Release|Any CPU
	EndGlobalSection
	GlobalSection(SolutionProperties) = preSolution
		HideSolutionNode = FALSE
	EndGlobalSection
	GlobalSection(ExtensibilityGlobals) = postSolution
		SolutionGuid = {63444E7F-1EA5-4C72-9EAF-CC29D8E5E73F}
	EndGlobalSection
EndGlobal
